
Microsoft Visual Studio Solution File, Format Version 12.00
# Visual Studio Version 17
VisualStudioVersion = 17.9.34728.123
MinimumVisualStudioVersion = 10.0.40219.1
Project("{9A19103F-16F7-4668-BE54-9A1E7A4F7556}") = "CreateQuestPdf", "CreateQuestPdf\CreateQuestPdf.csproj", "{3BD75CF8-9CCB-4697-BD44-4AA714336C8B}"
EndProject
Project("{FAE04EC0-301F-11D3-BF4B-00C04F79EFBC}") = "BlazorApp", "BlazorApp\BlazorApp.csproj", "{7F9B2046-E079-4FBE-A513-5511521DF362}"
EndProject
Global
	GlobalSection(SolutionConfigurationPlatforms) = preSolution
		Debug|Any CPU = Debug|Any CPU
		Release|Any CPU = Release|Any CPU
	EndGlobalSection
	GlobalSection(ProjectConfigurationPlatforms) = postSolution
		{3BD75CF8-9CCB-4697-BD44-4AA714336C8B}.Debug|Any CPU.ActiveCfg = Debug|Any CPU
		{3BD75CF8-9CCB-4697-BD44-4AA714336C8B}.Debug|Any CPU.Build.0 = Debug|Any CPU
		{3BD75CF8-9CCB-4697-BD44-4AA714336C8B}.Release|Any CPU.ActiveCfg = Release|Any CPU
		{3BD75CF8-9CCB-4697-BD44-4AA714336C8B}.Release|Any CPU.Build.0 = Release|Any CPU
		{7F9B2046-E079-4FBE-A513-5511521DF362}.Debug|Any CPU.ActiveCfg = Debug|Any CPU
		{7F9B2046-E079-4FBE-A513-5511521DF362}.Debug|Any CPU.Build.0 = Debug|Any CPU
		{7F9B2046-E079-4FBE-A513-5511521DF362}.Release|Any CPU.ActiveCfg = Release|Any CPU
		{7F9B2046-E079-4FBE-A513-5511521DF362}.Release|Any CPU.Build.0 = Release|Any CPU
	EndGlobalSection
	GlobalSection(SolutionProperties) = preSolution
		HideSolutionNode = FALSE
	EndGlobalSection
	GlobalSection(ExtensibilityGlobals) = postSolution
		SolutionGuid = {DA4A6A1C-742D-4576-9302-0924E2762424}
	EndGlobalSection
EndGlobal
